
Microsoft Visual Studio Solution File, Format Version 12.00
# Visual Studio Version 16
VisualStudioVersion = 16.0.30804.86
MinimumVisualStudioVersion = 10.0.40219.1
Project("{8BC9CEB8-8B4A-11D0-8D11-00A0C91BC942}") = "guitarSimulation", "guitarSimulation.vcxproj", "{DD9A2CBF-16B1-4E20-B30D-E52675F2E4A2}"
EndProject
Project("{FAE04EC0-301F-11D3-BF4B-00C04F79EFBC}") = "TabParser", "TabParser\TabParser.csproj", "{B889125C-A5BC-449E-9F6A-B3E30680D18F}"
EndProject
Project("{FAE04EC0-301F-11D3-BF4B-00C04F79EFBC}") = "WavMaker", "WavMaker\WavMaker.csproj", "{E3C97A45-3BD1-4088-9F6B-B8F0906A1547}"
EndProject
Global
	GlobalSection(SolutionConfigurationPlatforms) = preSolution
		Debug|Any CPU = Debug|Any CPU
		Debug|x64 = Debug|x64
		Debug|x86 = Debug|x86
		Release|Any CPU = Release|Any CPU
		Release|x64 = Release|x64
		Release|x86 = Release|x86
	EndGlobalSection
	GlobalSection(ProjectConfigurationPlatforms) = postSolution
		{DD9A2CBF-16B1-4E20-B30D-E52675F2E4A2}.Debug|Any CPU.ActiveCfg = Debug|Win32
		{DD9A2CBF-16B1-4E20-B30D-E52675F2E4A2}.Debug|x64.ActiveCfg = Debug|x64
		{DD9A2CBF-16B1-4E20-B30D-E52675F2E4A2}.Debug|x64.Build.0 = Debug|x64
		{DD9A2CBF-16B1-4E20-B30D-E52675F2E4A2}.Debug|x86.ActiveCfg = Debug|Win32
		{DD9A2CBF-16B1-4E20-B30D-E52675F2E4A2}.Debug|x86.Build.0 = Debug|Win32
		{DD9A2CBF-16B1-4E20-B30D-E52675F2E4A2}.Release|Any CPU.ActiveCfg = Release|Win32
		{DD9A2CBF-16B1-4E20-B30D-E52675F2E4A2}.Release|x64.ActiveCfg = Release|x64
		{DD9A2CBF-16B1-4E20-B30D-E52675F2E4A2}.Release|x64.Build.0 = Release|x64
		{DD9A2CBF-16B1-4E20-B30D-E52675F2E4A2}.Release|x86.ActiveCfg = Release|Win32
		{DD9A2CBF-16B1-4E20-B30D-E52675F2E4A2}.Release|x86.Build.0 = Release|Win32
		{B889125C-A5BC-449E-9F6A-B3E30680D18F}.Debug|Any CPU.ActiveCfg = Debug|Any CPU
		{B889125C-A5BC-449E-9F6A-B3E30680D18F}.Debug|Any CPU.Build.0 = Debug|Any CPU
		{B889125C-A5BC-449E-9F6A-B3E30680D18F}.Debug|x64.ActiveCfg = Debug|Any CPU
		{B889125C-A5BC-449E-9F6A-B3E30680D18F}.Debug|x64.Build.0 = Debug|Any CPU
		{B889125C-A5BC-449E-9F6A-B3E30680D18F}.Debug|x86.ActiveCfg = Debug|Any CPU
		{B889125C-A5BC-449E-9F6A-B3E30680D18F}.Debug|x86.Build.0 = Debug|Any CPU
		{B889125C-A5BC-449E-9F6A-B3E30680D18F}.Release|Any CPU.ActiveCfg = Release|Any CPU
		{B889125C-A5BC-449E-9F6A-B3E30680D18F}.Release|Any CPU.Build.0 = Release|Any CPU
		{B889125C-A5BC-449E-9F6A-B3E30680D18F}.Release|x64.ActiveCfg = Release|Any CPU
		{B889125C-A5BC-449E-9F6A-B3E30680D18F}.Release|x64.Build.0 = Release|Any CPU
		{B889125C-A5BC-449E-9F6A-B3E30680D18F}.Release|x86.ActiveCfg = Release|Any CPU
		{B889125C-A5BC-449E-9F6A-B3E30680D18F}.Release|x86.Build.0 = Release|Any CPU
		{E3C97A45-3BD1-4088-9F6B-B8F0906A1547}.Debug|Any CPU.ActiveCfg = Debug|Any CPU
		{E3C97A45-3BD1-4088-9F6B-B8F0906A1547}.Debug|Any CPU.Build.0 = Debug|Any CPU
		{E3C97A45-3BD1-4088-9F6B-B8F0906A1547}.Debug|x64.ActiveCfg = Debug|Any CPU
		{E3C97A45-3BD1-4088-9F6B-B8F0906A1547}.Debug|x64.Build.0 = Debug|Any CPU
		{E3C97A45-3BD1-4088-9F6B-B8F0906A1547}.Debug|x86.ActiveCfg = Debug|Any CPU
		{E3C97A45-3BD1-4088-9F6B-B8F0906A1547}.Debug|x86.Build.0 = Debug|Any CPU
		{E3C97A45-3BD1-4088-9F6B-B8F0906A1547}.Release|Any CPU.ActiveCfg = Release|Any CPU
		{E3C97A45-3BD1-4088-9F6B-B8F0906A1547}.Release|Any CPU.Build.0 = Release|Any CPU
		{E3C97A45-3BD1-4088-9F6B-B8F0906A1547}.Release|x64.ActiveCfg = Release|Any CPU
		{E3C97A45-3BD1-4088-9F6B-B8F0906A1547}.Release|x64.Build.0 = Release|Any CPU
		{E3C97A45-3BD1-4088-9F6B-B8F0906A1547}.Release|x86.ActiveCfg = Release|Any CPU
		{E3C97A45-3BD1-4088-9F6B-B8F0906A1547}.Release|x86.Build.0 = Release|Any CPU
	EndGlobalSection
	GlobalSection(SolutionProperties) = preSolution
		HideSolutionNode = FALSE
	EndGlobalSection
	GlobalSection(ExtensibilityGlobals) = postSolution
		SolutionGuid = {36634E35-4092-4EF9-AB04-A1E79DFAB08A}
	EndGlobalSection
EndGlobal
